
Microsoft Visual Studio Solution File, Format Version 12.00
# Visual Studio Version 16
VisualStudioVersion = 16.0.29503.13
MinimumVisualStudioVersion = 10.0.40219.1
Project("{FAE04EC0-301F-11D3-BF4B-00C04F79EFBC}") = "Calculatrice", "Calculatrice.csproj", "{36AAD3D1-FFD5-47D0-BE41-7802A019919F}"
EndProject
Global
	GlobalSection(SolutionConfigurationPlatforms) = preSolution
		Debug|Any CPU = Debug|Any CPU
		Release|Any CPU = Release|Any CPU
	EndGlobalSection
	GlobalSection(ProjectConfigurationPlatforms) = postSolution
		{36AAD3D1-FFD5-47D0-BE41-7802A019919F}.Debug|Any CPU.ActiveCfg = Debug|Any CPU
		{36AAD3D1-FFD5-47D0-BE41-7802A019919F}.Debug|Any CPU.Build.0 = Debug|Any CPU
		{36AAD3D1-FFD5-47D0-BE41-7802A019919F}.Release|Any CPU.ActiveCfg = Release|Any CPU
		{36AAD3D1-FFD5-47D0-BE41-7802A019919F}.Release|Any CPU.Build.0 = Release|Any CPU
	EndGlobalSection
	GlobalSection(SolutionProperties) = preSolution
		HideSolutionNode = FALSE
	EndGlobalSection
	GlobalSection(ExtensibilityGlobals) = postSolution
		SolutionGuid = {184D8575-E923-4C3B-9CFC-DDCB8304B38D}
	EndGlobalSection
EndGlobal
